// !$*UTF8*$!
{
	archiveVersion = 1;
	classes = {
	};
	objectVersion = 50;
	objects = {

/* Begin PBXBuildFile section */
		8251721125BB539B006E120C /* Manager.swift in Sources */ = {isa = PBXBuildFile; fileRef = 8251721025BB539B006E120C /* Manager.swift */; };
		8251722425BB579C006E120C /* 02-Solitude.mp3 in Resources */ = {isa = PBXBuildFile; fileRef = 8251721725BB579C006E120C /* 02-Solitude.mp3 */; };
		8251722525BB579C006E120C /* 08-Elle-aime-feat.-Laylow.mp3 in Resources */ = {isa = PBXBuildFile; fileRef = 8251721825BB579C006E120C /* 08-Elle-aime-feat.-Laylow.mp3 */; };
		8251722625BB579C006E120C /* 12-New-Level-feat.-Josman.mp3 in Resources */ = {isa = PBXBuildFile; fileRef = 8251721925BB579C006E120C /* 12-New-Level-feat.-Josman.mp3 */; };
		8251722725BB579C006E120C /* 01-Anonymat.mp3 in Resources */ = {isa = PBXBuildFile; fileRef = 8251721A25BB579C006E120C /* 01-Anonymat.mp3 */; };
		8251722825BB579C006E120C /* 06-230-feat.-PLK.mp3 in Resources */ = {isa = PBXBuildFile; fileRef = 8251721B25BB579C006E120C /* 06-230-feat.-PLK.mp3 */; };
		8251722925BB579C006E120C /* 03-Smile-feat.-SCH.mp3 in Resources */ = {isa = PBXBuildFile; fileRef = 8251721C25BB579C006E120C /* 03-Smile-feat.-SCH.mp3 */; };
		8251722A25BB579C006E120C /* 05-Top-Boy-feat.-Bosh.mp3 in Resources */ = {isa = PBXBuildFile; fileRef = 8251721D25BB579C006E120C /* 05-Top-Boy-feat.-Bosh.mp3 */; };
		8251722B25BB579C006E120C /* 13-Fortune.mp3 in Resources */ = {isa = PBXBuildFile; fileRef = 8251721E25BB579C006E120C /* 13-Fortune.mp3 */; };
		8251722C25BB579C006E120C /* 09-Reste-avec-moi.mp3 in Resources */ = {isa = PBXBuildFile; fileRef = 8251721F25BB579C006E120C /* 09-Reste-avec-moi.mp3 */; };
		8251722D25BB579C006E120C /* 07-Interlude.mp3 in Resources */ = {isa = PBXBuildFile; fileRef = 8251722025BB579C006E120C /* 07-Interlude.mp3 */; };
		8251722E25BB579C006E120C /* 10-Hola.mp3 in Resources */ = {isa = PBXBuildFile; fileRef = 8251722125BB579C006E120C /* 10-Hola.mp3 */; };
		8251722F25BB579C006E120C /* 04-Incassable-feat.-Leto.mp3 in Resources */ = {isa = PBXBuildFile; fileRef = 8251722225BB579C006E120C /* 04-Incassable-feat.-Leto.mp3 */; };
		8251723025BB579C006E120C /* 11-Combien-de-fois.mp3 in Resources */ = {isa = PBXBuildFile; fileRef = 8251722325BB579C006E120C /* 11-Combien-de-fois.mp3 */; };
		8251723525BB5B28006E120C /* GifHelper.swift in Sources */ = {isa = PBXBuildFile; fileRef = 8251723425BB5B28006E120C /* GifHelper.swift */; };
		8251723825BB5B57006E120C /* GifView.swift in Sources */ = {isa = PBXBuildFile; fileRef = 8251723725BB5B57006E120C /* GifView.swift */; };
		8251723E25BB5BEA006E120C /* TestingView.swift in Sources */ = {isa = PBXBuildFile; fileRef = 8251723D25BB5BEA006E120C /* TestingView.swift */; };
		8251724225BB5C53006E120C /* equal.gif in Resources */ = {isa = PBXBuildFile; fileRef = 8251724125BB5C53006E120C /* equal.gif */; };
		8251724A25BB5FDD006E120C /* equalizer.gif in Resources */ = {isa = PBXBuildFile; fileRef = 8251724925BB5FDC006E120C /* equalizer.gif */; };
		82740B9125BB2D320005095F /* AppDelegate.swift in Sources */ = {isa = PBXBuildFile; fileRef = 82740B9025BB2D320005095F /* AppDelegate.swift */; };
		82740B9325BB2D320005095F /* SceneDelegate.swift in Sources */ = {isa = PBXBuildFile; fileRef = 82740B9225BB2D320005095F /* SceneDelegate.swift */; };
		82740B9525BB2D320005095F /* ContentView.swift in Sources */ = {isa = PBXBuildFile; fileRef = 82740B9425BB2D320005095F /* ContentView.swift */; };
		82740B9725BB2D340005095F /* Assets.xcassets in Resources */ = {isa = PBXBuildFile; fileRef = 82740B9625BB2D340005095F /* Assets.xcassets */; };
		82740B9A25BB2D340005095F /* Preview Assets.xcassets in Resources */ = {isa = PBXBuildFile; fileRef = 82740B9925BB2D340005095F /* Preview Assets.xcassets */; };
		82740B9D25BB2D340005095F /* LaunchScreen.storyboard in Resources */ = {isa = PBXBuildFile; fileRef = 82740B9B25BB2D340005095F /* LaunchScreen.storyboard */; };
		82740BA725BB2D6C0005095F /* SongModel.swift in Sources */ = {isa = PBXBuildFile; fileRef = 82740BA625BB2D6C0005095F /* SongModel.swift */; };
		82740BB525BB2D950005095F /* mello.svg in Resources */ = {isa = PBXBuildFile; fileRef = 82740BAA25BB2D950005095F /* mello.svg */; };
		82740BB625BB2D950005095F /* playlist.svg in Resources */ = {isa = PBXBuildFile; fileRef = 82740BAB25BB2D950005095F /* playlist.svg */; };
		82740BB725BB2D950005095F /* piano.svg in Resources */ = {isa = PBXBuildFile; fileRef = 82740BAC25BB2D950005095F /* piano.svg */; };
		82740BB825BB2D950005095F /* happy.svg in Resources */ = {isa = PBXBuildFile; fileRef = 82740BAD25BB2D950005095F /* happy.svg */; };
		82740BB925BB2D950005095F /* player.svg in Resources */ = {isa = PBXBuildFile; fileRef = 82740BAE25BB2D950005095F /* player.svg */; };
		82740BBA25BB2D950005095F /* table.svg in Resources */ = {isa = PBXBuildFile; fileRef = 82740BAF25BB2D950005095F /* table.svg */; };
		82740BBB25BB2D950005095F /* media.svg in Resources */ = {isa = PBXBuildFile; fileRef = 82740BB025BB2D950005095F /* media.svg */; };
		82740BBC25BB2D950005095F /* musci.svg in Resources */ = {isa = PBXBuildFile; fileRef = 82740BB125BB2D950005095F /* musci.svg */; };
		82740BBD25BB2D950005095F /* listen.svg in Resources */ = {isa = PBXBuildFile; fileRef = 82740BB225BB2D950005095F /* listen.svg */; };
		82740BBE25BB2D950005095F /* video.svg in Resources */ = {isa = PBXBuildFile; fileRef = 82740BB325BB2D950005095F /* video.svg */; };
		82740BBF25BB2D950005095F /* walking.svg in Resources */ = {isa = PBXBuildFile; fileRef = 82740BB425BB2D950005095F /* walking.svg */; };
		82740BC225BB2DCC0005095F /* songs.json in Resources */ = {isa = PBXBuildFile; fileRef = 82740BC125BB2DCC0005095F /* songs.json */; };
		82740BCD25BB34FC0005095F /* SongRow.swift in Sources */ = {isa = PBXBuildFile; fileRef = 82740BCC25BB34FC0005095F /* SongRow.swift */; };
		82740BD225BB35FB0005095F /* SongsList.swift in Sources */ = {isa = PBXBuildFile; fileRef = 82740BD125BB35FB0005095F /* SongsList.swift */; };
		82740BD525BB37470005095F /* SongView.swift in Sources */ = {isa = PBXBuildFile; fileRef = 82740BD425BB37470005095F /* SongView.swift */; };
		82ACB0B125C99EE300992021 /* HelperViews.swift in Sources */ = {isa = PBXBuildFile; fileRef = 82ACB0B025C99EE300992021 /* HelperViews.swift */; };
/* End PBXBuildFile section */

/* Begin PBXFileReference section */
		8251721025BB539B006E120C /* Manager.swift */ = {isa = PBXFileReference; lastKnownFileType = sourcecode.swift; path = Manager.swift; sourceTree = "<group>"; };
		8251721725BB579C006E120C /* 02-Solitude.mp3 */ = {isa = PBXFileReference; lastKnownFileType = audio.mp3; path = "02-Solitude.mp3"; sourceTree = "<group>"; };
		8251721825BB579C006E120C /* 08-Elle-aime-feat.-Laylow.mp3 */ = {isa = PBXFileReference; lastKnownFileType = audio.mp3; path = "08-Elle-aime-feat.-Laylow.mp3"; sourceTree = "<group>"; };
		8251721925BB579C006E120C /* 12-New-Level-feat.-Josman.mp3 */ = {isa = PBXFileReference; lastKnownFileType = audio.mp3; path = "12-New-Level-feat.-Josman.mp3"; sourceTree = "<group>"; };
		8251721A25BB579C006E120C /* 01-Anonymat.mp3 */ = {isa = PBXFileReference; lastKnownFileType = audio.mp3; path = "01-Anonymat.mp3"; sourceTree = "<group>"; };
		8251721B25BB579C006E120C /* 06-230-feat.-PLK.mp3 */ = {isa = PBXFileReference; lastKnownFileType = audio.mp3; path = "06-230-feat.-PLK.mp3"; sourceTree = "<group>"; };
		8251721C25BB579C006E120C /* 03-Smile-feat.-SCH.mp3 */ = {isa = PBXFileReference; lastKnownFileType = audio.mp3; path = "03-Smile-feat.-SCH.mp3"; sourceTree = "<group>"; };
		8251721D25BB579C006E120C /* 05-Top-Boy-feat.-Bosh.mp3 */ = {isa = PBXFileReference; lastKnownFileType = audio.mp3; path = "05-Top-Boy-feat.-Bosh.mp3"; sourceTree = "<group>"; };
		8251721E25BB579C006E120C /* 13-Fortune.mp3 */ = {isa = PBXFileReference; lastKnownFileType = audio.mp3; path = "13-Fortune.mp3"; sourceTree = "<group>"; };
		8251721F25BB579C006E120C /* 09-Reste-avec-moi.mp3 */ = {isa = PBXFileReference; lastKnownFileType = audio.mp3; path = "09-Reste-avec-moi.mp3"; sourceTree = "<group>"; };
		8251722025BB579C006E120C /* 07-Interlude.mp3 */ = {isa = PBXFileReference; lastKnownFileType = audio.mp3; path = "07-Interlude.mp3"; sourceTree = "<group>"; };
		8251722125BB579C006E120C /* 10-Hola.mp3 */ = {isa = PBXFileReference; lastKnownFileType = audio.mp3; path = "10-Hola.mp3"; sourceTree = "<group>"; };
		8251722225BB579C006E120C /* 04-Incassable-feat.-Leto.mp3 */ = {isa = PBXFileReference; lastKnownFileType = audio.mp3; path = "04-Incassable-feat.-Leto.mp3"; sourceTree = "<group>"; };
		8251722325BB579C006E120C /* 11-Combien-de-fois.mp3 */ = {isa = PBXFileReference; lastKnownFileType = audio.mp3; path = "11-Combien-de-fois.mp3"; sourceTree = "<group>"; };
		8251723425BB5B28006E120C /* GifHelper.swift */ = {isa = PBXFileReference; lastKnownFileType = sourcecode.swift; path = GifHelper.swift; sourceTree = "<group>"; };
		8251723725BB5B57006E120C /* GifView.swift */ = {isa = PBXFileReference; lastKnownFileType = sourcecode.swift; path = GifView.swift; sourceTree = "<group>"; };
		8251723D25BB5BEA006E120C /* TestingView.swift */ = {isa = PBXFileReference; lastKnownFileType = sourcecode.swift; path = TestingView.swift; sourceTree = "<group>"; };
		8251724125BB5C53006E120C /* equal.gif */ = {isa = PBXFileReference; lastKnownFileType = image.gif; path = equal.gif; sourceTree = "<group>"; };
		8251724925BB5FDC006E120C /* equalizer.gif */ = {isa = PBXFileReference; lastKnownFileType = image.gif; path = equalizer.gif; sourceTree = "<group>"; };
		82740B8D25BB2D320005095F /* CPlayer.app */ = {isa = PBXFileReference; explicitFileType = wrapper.application; includeInIndex = 0; path = CPlayer.app; sourceTree = BUILT_PRODUCTS_DIR; };
		82740B9025BB2D320005095F /* AppDelegate.swift */ = {isa = PBXFileReference; lastKnownFileType = sourcecode.swift; path = AppDelegate.swift; sourceTree = "<group>"; };
		82740B9225BB2D320005095F /* SceneDelegate.swift */ = {isa = PBXFileReference; lastKnownFileType = sourcecode.swift; path = SceneDelegate.swift; sourceTree = "<group>"; };
		82740B9425BB2D320005095F /* ContentView.swift */ = {isa = PBXFileReference; lastKnownFileType = sourcecode.swift; path = ContentView.swift; sourceTree = "<group>"; };
		82740B9625BB2D340005095F /* Assets.xcassets */ = {isa = PBXFileReference; lastKnownFileType = folder.assetcatalog; path = Assets.xcassets; sourceTree = "<group>"; };
		82740B9925BB2D340005095F /* Preview Assets.xcassets */ = {isa = PBXFileReference; lastKnownFileType = folder.assetcatalog; path = "Preview Assets.xcassets"; sourceTree = "<group>"; };
		82740B9C25BB2D340005095F /* Base */ = {isa = PBXFileReference; lastKnownFileType = file.storyboard; name = Base; path = Base.lproj/LaunchScreen.storyboard; sourceTree = "<group>"; };
		82740B9E25BB2D340005095F /* Info.plist */ = {isa = PBXFileReference; lastKnownFileType = text.plist.xml; path = Info.plist; sourceTree = "<group>"; };
		82740BA625BB2D6C0005095F /* SongModel.swift */ = {isa = PBXFileReference; fileEncoding = 4; lastKnownFileType = sourcecode.swift; path = SongModel.swift; sourceTree = "<group>"; };
		82740BAA25BB2D950005095F /* mello.svg */ = {isa = PBXFileReference; fileEncoding = 4; lastKnownFileType = text; path = mello.svg; sourceTree = "<group>"; };
		82740BAB25BB2D950005095F /* playlist.svg */ = {isa = PBXFileReference; fileEncoding = 4; lastKnownFileType = text; path = playlist.svg; sourceTree = "<group>"; };
		82740BAC25BB2D950005095F /* piano.svg */ = {isa = PBXFileReference; fileEncoding = 4; lastKnownFileType = text; path = piano.svg; sourceTree = "<group>"; };
		82740BAD25BB2D950005095F /* happy.svg */ = {isa = PBXFileReference; fileEncoding = 4; lastKnownFileType = text; path = happy.svg; sourceTree = "<group>"; };
		82740BAE25BB2D950005095F /* player.svg */ = {isa = PBXFileReference; fileEncoding = 4; lastKnownFileType = text; path = player.svg; sourceTree = "<group>"; };
		82740BAF25BB2D950005095F /* table.svg */ = {isa = PBXFileReference; fileEncoding = 4; lastKnownFileType = text; path = table.svg; sourceTree = "<group>"; };
		82740BB025BB2D950005095F /* media.svg */ = {isa = PBXFileReference; fileEncoding = 4; lastKnownFileType = text; path = media.svg; sourceTree = "<group>"; };
		82740BB125BB2D950005095F /* musci.svg */ = {isa = PBXFileReference; fileEncoding = 4; lastKnownFileType = text; path = musci.svg; sourceTree = "<group>"; };
		82740BB225BB2D950005095F /* listen.svg */ = {isa = PBXFileReference; fileEncoding = 4; lastKnownFileType = text; path = listen.svg; sourceTree = "<group>"; };
		82740BB325BB2D950005095F /* video.svg */ = {isa = PBXFileReference; fileEncoding = 4; lastKnownFileType = text; path = video.svg; sourceTree = "<group>"; };
		82740BB425BB2D950005095F /* walking.svg */ = {isa = PBXFileReference; fileEncoding = 4; lastKnownFileType = text; path = walking.svg; sourceTree = "<group>"; };
		82740BC125BB2DCC0005095F /* songs.json */ = {isa = PBXFileReference; fileEncoding = 4; lastKnownFileType = text.json; path = songs.json; sourceTree = "<group>"; };
		82740BCC25BB34FC0005095F /* SongRow.swift */ = {isa = PBXFileReference; lastKnownFileType = sourcecode.swift; path = SongRow.swift; sourceTree = "<group>"; };
		82740BD125BB35FB0005095F /* SongsList.swift */ = {isa = PBXFileReference; lastKnownFileType = sourcecode.swift; path = SongsList.swift; sourceTree = "<group>"; };
		82740BD425BB37470005095F /* SongView.swift */ = {isa = PBXFileReference; lastKnownFileType = sourcecode.swift; path = SongView.swift; sourceTree = "<group>"; };
		82ACB0B025C99EE300992021 /* HelperViews.swift */ = {isa = PBXFileReference; lastKnownFileType = sourcecode.swift; path = HelperViews.swift; sourceTree = "<group>"; };
/* End PBXFileReference section */

/* Begin PBXFrameworksBuildPhase section */
		82740B8A25BB2D320005095F /* Frameworks */ = {
			isa = PBXFrameworksBuildPhase;
			buildActionMask = 2147483647;
			files = (
			);
			runOnlyForDeploymentPostprocessing = 0;
		};
/* End PBXFrameworksBuildPhase section */

/* Begin PBXGroup section */
		8209F2A125D046DD00AD6359 /* Helpers */ = {
			isa = PBXGroup;
			children = (
				8251724925BB5FDC006E120C /* equalizer.gif */,
				82ACB0B025C99EE300992021 /* HelperViews.swift */,
				8251723425BB5B28006E120C /* GifHelper.swift */,
				8251724125BB5C53006E120C /* equal.gif */,
				8251723725BB5B57006E120C /* GifView.swift */,
			);
			path = Helpers;
			sourceTree = "<group>";
		};
		8251721625BB579C006E120C /* Songs */ = {
			isa = PBXGroup;
			children = (
				8251721725BB579C006E120C /* 02-Solitude.mp3 */,
				8251721825BB579C006E120C /* 08-Elle-aime-feat.-Laylow.mp3 */,
				8251721925BB579C006E120C /* 12-New-Level-feat.-Josman.mp3 */,
				8251721A25BB579C006E120C /* 01-Anonymat.mp3 */,
				8251721B25BB579C006E120C /* 06-230-feat.-PLK.mp3 */,
				8251721C25BB579C006E120C /* 03-Smile-feat.-SCH.mp3 */,
				8251721D25BB579C006E120C /* 05-Top-Boy-feat.-Bosh.mp3 */,
				8251721E25BB579C006E120C /* 13-Fortune.mp3 */,
				8251721F25BB579C006E120C /* 09-Reste-avec-moi.mp3 */,
				8251722025BB579C006E120C /* 07-Interlude.mp3 */,
				8251722125BB579C006E120C /* 10-Hola.mp3 */,
				8251722225BB579C006E120C /* 04-Incassable-feat.-Leto.mp3 */,
				8251722325BB579C006E120C /* 11-Combien-de-fois.mp3 */,
			);
			path = Songs;
			sourceTree = "<group>";
		};
		82740B8425BB2D320005095F = {
			isa = PBXGroup;
			children = (
				82740B8F25BB2D320005095F /* CPlayer */,
				82740B8E25BB2D320005095F /* Products */,
			);
			sourceTree = "<group>";
		};
		82740B8E25BB2D320005095F /* Products */ = {
			isa = PBXGroup;
			children = (
				82740B8D25BB2D320005095F /* CPlayer.app */,
			);
			name = Products;
			sourceTree = "<group>";
		};
		82740B8F25BB2D320005095F /* CPlayer */ = {
			isa = PBXGroup;
			children = (
				82740B9025BB2D320005095F /* AppDelegate.swift */,
				82740B9225BB2D320005095F /* SceneDelegate.swift */,
				82740B9425BB2D320005095F /* ContentView.swift */,
				82740BD125BB35FB0005095F /* SongsList.swift */,
				8251723D25BB5BEA006E120C /* TestingView.swift */,
				82740BCC25BB34FC0005095F /* SongRow.swift */,
				82740BD425BB37470005095F /* SongView.swift */,
				8251721025BB539B006E120C /* Manager.swift */,
				8209F2A125D046DD00AD6359 /* Helpers */,
				82740BA525BB2D6C0005095F /* Models */,
				82740BA925BB2D950005095F /* SVGs */,
				8251721625BB579C006E120C /* Songs */,
				82740B9625BB2D340005095F /* Assets.xcassets */,
				82740BC125BB2DCC0005095F /* songs.json */,
				82740B9B25BB2D340005095F /* LaunchScreen.storyboard */,
				82740B9E25BB2D340005095F /* Info.plist */,
				82740B9825BB2D340005095F /* Preview Content */,
			);
			path = CPlayer;
			sourceTree = "<group>";
		};
		82740B9825BB2D340005095F /* Preview Content */ = {
			isa = PBXGroup;
			children = (
				82740B9925BB2D340005095F /* Preview Assets.xcassets */,
			);
			path = "Preview Content";
			sourceTree = "<group>";
		};
		82740BA525BB2D6C0005095F /* Models */ = {
			isa = PBXGroup;
			children = (
				82740BA625BB2D6C0005095F /* SongModel.swift */,
			);
			path = Models;
			sourceTree = "<group>";
		};
		82740BA925BB2D950005095F /* SVGs */ = {
			isa = PBXGroup;
			children = (
				82740BAA25BB2D950005095F /* mello.svg */,
				82740BAB25BB2D950005095F /* playlist.svg */,
				82740BAC25BB2D950005095F /* piano.svg */,
				82740BAD25BB2D950005095F /* happy.svg */,
				82740BAE25BB2D950005095F /* player.svg */,
				82740BAF25BB2D950005095F /* table.svg */,
				82740BB025BB2D950005095F /* media.svg */,
				82740BB125BB2D950005095F /* musci.svg */,
				82740BB225BB2D950005095F /* listen.svg */,
				82740BB325BB2D950005095F /* video.svg */,
				82740BB425BB2D950005095F /* walking.svg */,
			);
			path = SVGs;
			sourceTree = "<group>";
		};
/* End PBXGroup section */

/* Begin PBXNativeTarget section */
		82740B8C25BB2D320005095F /* CPlayer */ = {
			isa = PBXNativeTarget;
			buildConfigurationList = 82740BA125BB2D340005095F /* Build configuration list for PBXNativeTarget "CPlayer" */;
			buildPhases = (
				82740B8925BB2D320005095F /* Sources */,
				82740B8A25BB2D320005095F /* Frameworks */,
				82740B8B25BB2D320005095F /* Resources */,
			);
			buildRules = (
			);
			dependencies = (
			);
			name = CPlayer;
			productName = CPlayer;
			productReference = 82740B8D25BB2D320005095F /* CPlayer.app */;
			productType = "com.apple.product-type.application";
		};
/* End PBXNativeTarget section */

/* Begin PBXProject section */
		82740B8525BB2D320005095F /* Project object */ = {
			isa = PBXProject;
			attributes = {
				LastSwiftUpdateCheck = 1230;
				LastUpgradeCheck = 1230;
				TargetAttributes = {
					82740B8C25BB2D320005095F = {
						CreatedOnToolsVersion = 12.3;
					};
				};
			};
			buildConfigurationList = 82740B8825BB2D320005095F /* Build configuration list for PBXProject "CPlayer" */;
			compatibilityVersion = "Xcode 9.3";
			developmentRegion = en;
			hasScannedForEncodings = 0;
			knownRegions = (
				en,
				Base,
			);
			mainGroup = 82740B8425BB2D320005095F;
			productRefGroup = 82740B8E25BB2D320005095F /* Products */;
			projectDirPath = "";
			projectRoot = "";
			targets = (
				82740B8C25BB2D320005095F /* CPlayer */,
			);
		};
/* End PBXProject section */

/* Begin PBXResourcesBuildPhase section */
		82740B8B25BB2D320005095F /* Resources */ = {
			isa = PBXResourcesBuildPhase;
			buildActionMask = 2147483647;
			files = (
				8251723025BB579C006E120C /* 11-Combien-de-fois.mp3 in Resources */,
				82740BC225BB2DCC0005095F /* songs.json in Resources */,
				8251722E25BB579C006E120C /* 10-Hola.mp3 in Resources */,
				8251722A25BB579C006E120C /* 05-Top-Boy-feat.-Bosh.mp3 in Resources */,
				82740BB525BB2D950005095F /* mello.svg in Resources */,
				82740BBC25BB2D950005095F /* musci.svg in Resources */,
				8251722725BB579C006E120C /* 01-Anonymat.mp3 in Resources */,
				82740B9D25BB2D340005095F /* LaunchScreen.storyboard in Resources */,
				8251722825BB579C006E120C /* 06-230-feat.-PLK.mp3 in Resources */,
				82740BB725BB2D950005095F /* piano.svg in Resources */,
				8251722425BB579C006E120C /* 02-Solitude.mp3 in Resources */,
				82740BB625BB2D950005095F /* playlist.svg in Resources */,
				8251722C25BB579C006E120C /* 09-Reste-avec-moi.mp3 in Resources */,
				82740B9A25BB2D340005095F /* Preview Assets.xcassets in Resources */,
				8251722525BB579C006E120C /* 08-Elle-aime-feat.-Laylow.mp3 in Resources */,
				8251722925BB579C006E120C /* 03-Smile-feat.-SCH.mp3 in Resources */,
				82740BB925BB2D950005095F /* player.svg in Resources */,
				8251722F25BB579C006E120C /* 04-Incassable-feat.-Leto.mp3 in Resources */,
				8251722625BB579C006E120C /* 12-New-Level-feat.-Josman.mp3 in Resources */,
				82740BB825BB2D950005095F /* happy.svg in Resources */,
				8251722D25BB579C006E120C /* 07-Interlude.mp3 in Resources */,
				82740B9725BB2D340005095F /* Assets.xcassets in Resources */,
				82740BBE25BB2D950005095F /* video.svg in Resources */,
				8251724A25BB5FDD006E120C /* equalizer.gif in Resources */,
				82740BBA25BB2D950005095F /* table.svg in Resources */,
				8251724225BB5C53006E120C /* equal.gif in Resources */,
				82740BBB25BB2D950005095F /* media.svg in Resources */,
				8251722B25BB579C006E120C /* 13-Fortune.mp3 in Resources */,
				82740BBF25BB2D950005095F /* walking.svg in Resources */,
				82740BBD25BB2D950005095F /* listen.svg in Resources */,
			);
			runOnlyForDeploymentPostprocessing = 0;
		};
/* End PBXResourcesBuildPhase section */

/* Begin PBXSourcesBuildPhase section */
		82740B8925BB2D320005095F /* Sources */ = {
			isa = PBXSourcesBuildPhase;
			buildActionMask = 2147483647;
			files = (
				82740B9125BB2D320005095F /* AppDelegate.swift in Sources */,
				82740BCD25BB34FC0005095F /* SongRow.swift in Sources */,
				8251723525BB5B28006E120C /* GifHelper.swift in Sources */,
				8251723E25BB5BEA006E120C /* TestingView.swift in Sources */,
				82ACB0B125C99EE300992021 /* HelperViews.swift in Sources */,
				82740B9325BB2D320005095F /* SceneDelegate.swift in Sources */,
				8251721125BB539B006E120C /* Manager.swift in Sources */,
				8251723825BB5B57006E120C /* GifView.swift in Sources */,
				82740BD525BB37470005095F /* SongView.swift in Sources */,
				82740BD225BB35FB0005095F /* SongsList.swift in Sources */,
				82740BA725BB2D6C0005095F /* SongModel.swift in Sources */,
				82740B9525BB2D320005095F /* ContentView.swift in Sources */,
			);
			runOnlyForDeploymentPostprocessing = 0;
		};
/* End PBXSourcesBuildPhase section */

/* Begin PBXVariantGroup section */
		82740B9B25BB2D340005095F /* LaunchScreen.storyboard */ = {
			isa = PBXVariantGroup;
			children = (
				82740B9C25BB2D340005095F /* Base */,
			);
			name = LaunchScreen.storyboard;
			sourceTree = "<group>";
		};
/* End PBXVariantGroup section */

/* Begin XCBuildConfiguration section */
		82740B9F25BB2D340005095F /* Debug */ = {
			isa = XCBuildConfiguration;
			buildSettings = {
				ALWAYS_SEARCH_USER_PATHS = NO;
				CLANG_ANALYZER_NONNULL = YES;
				CLANG_ANALYZER_NUMBER_OBJECT_CONVERSION = YES_AGGRESSIVE;
				CLANG_CXX_LANGUAGE_STANDARD = "gnu++14";
				CLANG_CXX_LIBRARY = "libc++";
				CLANG_ENABLE_MODULES = YES;
				CLANG_ENABLE_OBJC_ARC = YES;
				CLANG_ENABLE_OBJC_WEAK = YES;
				CLANG_WARN_BLOCK_CAPTURE_AUTORELEASING = YES;
				CLANG_WARN_BOOL_CONVERSION = YES;
				CLANG_WARN_COMMA = YES;
				CLANG_WARN_CONSTANT_CONVERSION = YES;
				CLANG_WARN_DEPRECATED_OBJC_IMPLEMENTATIONS = YES;
				CLANG_WARN_DIRECT_OBJC_ISA_USAGE = YES_ERROR;
				CLANG_WARN_DOCUMENTATION_COMMENTS = YES;
				CLANG_WARN_EMPTY_BODY = YES;
				CLANG_WARN_ENUM_CONVERSION = YES;
				CLANG_WARN_INFINITE_RECURSION = YES;
				CLANG_WARN_INT_CONVERSION = YES;
				CLANG_WARN_NON_LITERAL_NULL_CONVERSION = YES;
				CLANG_WARN_OBJC_IMPLICIT_RETAIN_SELF = YES;
				CLANG_WARN_OBJC_LITERAL_CONVERSION = YES;
				CLANG_WARN_OBJC_ROOT_CLASS = YES_ERROR;
				CLANG_WARN_QUOTED_INCLUDE_IN_FRAMEWORK_HEADER = YES;
				CLANG_WARN_RANGE_LOOP_ANALYSIS = YES;
				CLANG_WARN_STRICT_PROTOTYPES = YES;
				CLANG_WARN_SUSPICIOUS_MOVE = YES;
				CLANG_WARN_UNGUARDED_AVAILABILITY = YES_AGGRESSIVE;
				CLANG_WARN_UNREACHABLE_CODE = YES;
				CLANG_WARN__DUPLICATE_METHOD_MATCH = YES;
				COPY_PHASE_STRIP = NO;
				DEBUG_INFORMATION_FORMAT = dwarf;
				ENABLE_STRICT_OBJC_MSGSEND = YES;
				ENABLE_TESTABILITY = YES;
				GCC_C_LANGUAGE_STANDARD = gnu11;
				GCC_DYNAMIC_NO_PIC = NO;
				GCC_NO_COMMON_BLOCKS = YES;
				GCC_OPTIMIZATION_LEVEL = 0;
				GCC_PREPROCESSOR_DEFINITIONS = (
					"DEBUG=1",
					"$(inherited)",
				);
				GCC_WARN_64_TO_32_BIT_CONVERSION = YES;
				GCC_WARN_ABOUT_RETURN_TYPE = YES_ERROR;
				GCC_WARN_UNDECLARED_SELECTOR = YES;
				GCC_WARN_UNINITIALIZED_AUTOS = YES_AGGRESSIVE;
				GCC_WARN_UNUSED_FUNCTION = YES;
				GCC_WARN_UNUSED_VARIABLE = YES;
				IPHONEOS_DEPLOYMENT_TARGET = 13.5;
				MTL_ENABLE_DEBUG_INFO = INCLUDE_SOURCE;
				MTL_FAST_MATH = YES;
				ONLY_ACTIVE_ARCH = YES;
				SDKROOT = iphoneos;
				SWIFT_ACTIVE_COMPILATION_CONDITIONS = DEBUG;
				SWIFT_OPTIMIZATION_LEVEL = "-Onone";
			};
			name = Debug;
		};
		82740BA025BB2D340005095F /* Release */ = {
			isa = XCBuildConfiguration;
			buildSettings = {
				ALWAYS_SEARCH_USER_PATHS = NO;
				CLANG_ANALYZER_NONNULL = YES;
				CLANG_ANALYZER_NUMBER_OBJECT_CONVERSION = YES_AGGRESSIVE;
				CLANG_CXX_LANGUAGE_STANDARD = "gnu++14";
				CLANG_CXX_LIBRARY = "libc++";
				CLANG_ENABLE_MODULES = YES;
				CLANG_ENABLE_OBJC_ARC = YES;
				CLANG_ENABLE_OBJC_WEAK = YES;
				CLANG_WARN_BLOCK_CAPTURE_AUTORELEASING = YES;
				CLANG_WARN_BOOL_CONVERSION = YES;
				CLANG_WARN_COMMA = YES;
				CLANG_WARN_CONSTANT_CONVERSION = YES;
				CLANG_WARN_DEPRECATED_OBJC_IMPLEMENTATIONS = YES;
				CLANG_WARN_DIRECT_OBJC_ISA_USAGE = YES_ERROR;
				CLANG_WARN_DOCUMENTATION_COMMENTS = YES;
				CLANG_WARN_EMPTY_BODY = YES;
				CLANG_WARN_ENUM_CONVERSION = YES;
				CLANG_WARN_INFINITE_RECURSION = YES;
				CLANG_WARN_INT_CONVERSION = YES;
				CLANG_WARN_NON_LITERAL_NULL_CONVERSION = YES;
				CLANG_WARN_OBJC_IMPLICIT_RETAIN_SELF = YES;
				CLANG_WARN_OBJC_LITERAL_CONVERSION = YES;
				CLANG_WARN_OBJC_ROOT_CLASS = YES_ERROR;
				CLANG_WARN_QUOTED_INCLUDE_IN_FRAMEWORK_HEADER = YES;
				CLANG_WARN_RANGE_LOOP_ANALYSIS = YES;
				CLANG_WARN_STRICT_PROTOTYPES = YES;
				CLANG_WARN_SUSPICIOUS_MOVE = YES;
				CLANG_WARN_UNGUARDED_AVAILABILITY = YES_AGGRESSIVE;
				CLANG_WARN_UNREACHABLE_CODE = YES;
				CLANG_WARN__DUPLICATE_METHOD_MATCH = YES;
				COPY_PHASE_STRIP = NO;
				DEBUG_INFORMATION_FORMAT = "dwarf-with-dsym";
				ENABLE_NS_ASSERTIONS = NO;
				ENABLE_STRICT_OBJC_MSGSEND = YES;
				GCC_C_LANGUAGE_STANDARD = gnu11;
				GCC_NO_COMMON_BLOCKS = YES;
				GCC_WARN_64_TO_32_BIT_CONVERSION = YES;
				GCC_WARN_ABOUT_RETURN_TYPE = YES_ERROR;
				GCC_WARN_UNDECLARED_SELECTOR = YES;
				GCC_WARN_UNINITIALIZED_AUTOS = YES_AGGRESSIVE;
				GCC_WARN_UNUSED_FUNCTION = YES;
				GCC_WARN_UNUSED_VARIABLE = YES;
				IPHONEOS_DEPLOYMENT_TARGET = 13.5;
				MTL_ENABLE_DEBUG_INFO = NO;
				MTL_FAST_MATH = YES;
				SDKROOT = iphoneos;
				SWIFT_COMPILATION_MODE = wholemodule;
				SWIFT_OPTIMIZATION_LEVEL = "-O";
				VALIDATE_PRODUCT = YES;
			};
			name = Release;
		};
		82740BA225BB2D340005095F /* Debug */ = {
			isa = XCBuildConfiguration;
			buildSettings = {
				ASSETCATALOG_COMPILER_APPICON_NAME = AppIcon;
				ASSETCATALOG_COMPILER_GLOBAL_ACCENT_COLOR_NAME = AccentColor;
				CODE_SIGN_STYLE = Automatic;
				DEVELOPMENT_ASSET_PATHS = "\"CPlayer/Preview Content\"";
				DEVELOPMENT_TEAM = 9C9R36NYWY;
				ENABLE_PREVIEWS = YES;
				INFOPLIST_FILE = CPlayer/Info.plist;
				LD_RUNPATH_SEARCH_PATHS = (
					"$(inherited)",
					"@executable_path/Frameworks",
				);
				PRODUCT_BUNDLE_IDENTIFIER = com.cedricbahirwe.CPlayer;
				PRODUCT_NAME = "$(TARGET_NAME)";
				SWIFT_VERSION = 5.0;
				TARGETED_DEVICE_FAMILY = "1,2";
			};
			name = Debug;
		};
		82740BA325BB2D340005095F /* Release */ = {
			isa = XCBuildConfiguration;
			buildSettings = {
				ASSETCATALOG_COMPILER_APPICON_NAME = AppIcon;
				ASSETCATALOG_COMPILER_GLOBAL_ACCENT_COLOR_NAME = AccentColor;
				CODE_SIGN_STYLE = Automatic;
				DEVELOPMENT_ASSET_PATHS = "\"CPlayer/Preview Content\"";
				DEVELOPMENT_TEAM = 9C9R36NYWY;
				ENABLE_PREVIEWS = YES;
				INFOPLIST_FILE = CPlayer/Info.plist;
				LD_RUNPATH_SEARCH_PATHS = (
					"$(inherited)",
					"@executable_path/Frameworks",
				);
				PRODUCT_BUNDLE_IDENTIFIER = com.cedricbahirwe.CPlayer;
				PRODUCT_NAME = "$(TARGET_NAME)";
				SWIFT_VERSION = 5.0;
				TARGETED_DEVICE_FAMILY = "1,2";
			};
			name = Release;
		};
/* End XCBuildConfiguration section */

/* Begin XCConfigurationList section */
		82740B8825BB2D320005095F /* Build configuration list for PBXProject "CPlayer" */ = {
			isa = XCConfigurationList;
			buildConfigurations = (
				82740B9F25BB2D340005095F /* Debug */,
				82740BA025BB2D340005095F /* Release */,
			);
			defaultConfigurationIsVisible = 0;
			defaultConfigurationName = Release;
		};
		82740BA125BB2D340005095F /* Build configuration list for PBXNativeTarget "CPlayer" */ = {
			isa = XCConfigurationList;
			buildConfigurations = (
				82740BA225BB2D340005095F /* Debug */,
				82740BA325BB2D340005095F /* Release */,
			);
			defaultConfigurationIsVisible = 0;
			defaultConfigurationName = Release;
		};
/* End XCConfigurationList section */
	};
	rootObject = 82740B8525BB2D320005095F /* Project object */;
}
